
Microsoft Visual Studio Solution File, Format Version 12.00
# Visual Studio Version 17
VisualStudioVersion = 17.7.34031.279
MinimumVisualStudioVersion = 10.0.40219.1
Project("{FAE04EC0-301F-11D3-BF4B-00C04F79EFBC}") = "Tuan04", "Tuan04\Tuan04.csproj", "{9C22A7E7-7CAD-4BE1-AAB0-54629CF972B6}"
EndProject
Global
	GlobalSection(SolutionConfigurationPlatforms) = preSolution
		Debug|Any CPU = Debug|Any CPU
		Release|Any CPU = Release|Any CPU
	EndGlobalSection
	GlobalSection(ProjectConfigurationPlatforms) = postSolution
		{9C22A7E7-7CAD-4BE1-AAB0-54629CF972B6}.Debug|Any CPU.ActiveCfg = Debug|Any CPU
		{9C22A7E7-7CAD-4BE1-AAB0-54629CF972B6}.Debug|Any CPU.Build.0 = Debug|Any CPU
		{9C22A7E7-7CAD-4BE1-AAB0-54629CF972B6}.Release|Any CPU.ActiveCfg = Release|Any CPU
		{9C22A7E7-7CAD-4BE1-AAB0-54629CF972B6}.Release|Any CPU.Build.0 = Release|Any CPU
	EndGlobalSection
	GlobalSection(SolutionProperties) = preSolution
		HideSolutionNode = FALSE
	EndGlobalSection
	GlobalSection(ExtensibilityGlobals) = postSolution
		SolutionGuid = {21F532F9-F2BC-4CE6-B93E-C0826F01770E}
	EndGlobalSection
EndGlobal
