
Microsoft Visual Studio Solution File, Format Version 12.00
# Visual Studio Version 17
VisualStudioVersion = 17.7.34031.279
MinimumVisualStudioVersion = 10.0.40219.1
Project("{FAE04EC0-301F-11D3-BF4B-00C04F79EFBC}") = "QLBH", "QLBH\QLBH.csproj", "{D807D04A-7653-4CB1-8693-009C5DCE26E4}"
EndProject
Global
	GlobalSection(SolutionConfigurationPlatforms) = preSolution
		Debug|Any CPU = Debug|Any CPU
		Release|Any CPU = Release|Any CPU
	EndGlobalSection
	GlobalSection(ProjectConfigurationPlatforms) = postSolution
		{D807D04A-7653-4CB1-8693-009C5DCE26E4}.Debug|Any CPU.ActiveCfg = Debug|Any CPU
		{D807D04A-7653-4CB1-8693-009C5DCE26E4}.Debug|Any CPU.Build.0 = Debug|Any CPU
		{D807D04A-7653-4CB1-8693-009C5DCE26E4}.Release|Any CPU.ActiveCfg = Release|Any CPU
		{D807D04A-7653-4CB1-8693-009C5DCE26E4}.Release|Any CPU.Build.0 = Release|Any CPU
	EndGlobalSection
	GlobalSection(SolutionProperties) = preSolution
		HideSolutionNode = FALSE
	EndGlobalSection
	GlobalSection(ExtensibilityGlobals) = postSolution
		SolutionGuid = {9B12F8C6-8805-40C9-A9DA-5EEABD3ED478}
	EndGlobalSection
EndGlobal
